
Microsoft Visual Studio Solution File, Format Version 11.00
# Visual Studio 2010
Project("{FAE04EC0-301F-11D3-BF4B-00C04F79EFBC}") = "Indigox.UUM.NHibernateImpl.Tests", "Indigox.UUM.NHibernateImpl.Tests\Indigox.UUM.NHibernateImpl.Tests.csproj", "{9365D2BA-56F1-4D55-966A-7519D6AE54C3}"
EndProject
Project("{FAE04EC0-301F-11D3-BF4B-00C04F79EFBC}") = "Indigox.UUM.Tests", "Indigox.UUM.Tests\Indigox.UUM.Tests.csproj", "{1C020F11-8BEF-4A80-B35F-CBE72FD9B9FB}"
EndProject
Project("{FAE04EC0-301F-11D3-BF4B-00C04F79EFBC}") = "Indigox.UUM.Application.Tests", "Indigox.UUM.Application.Tests\Indigox.UUM.Application.Tests.csproj", "{443C2A4C-32FF-4174-ACB7-0B6A0C4318E1}"
EndProject
Project("{2150E333-8FDC-42A3-9474-1A3956D46DE8}") = "Configuration", "Configuration", "{526F5183-B2B4-4D4E-BDB4-E7936FB8DCE4}"
	ProjectSection(SolutionItems) = preProject
		..\..\Build\configurations\indigo.database.config = ..\..\Build\configurations\indigo.database.config
	EndProjectSection
EndProject
Project("{2150E333-8FDC-42A3-9474-1A3956D46DE8}") = "Config", "Config", "{295C2351-6A00-4F39-9B81-768D50BE98A8}"
	ProjectSection(SolutionItems) = preProject
		..\..\Build\configurations\Config\factories.xml = ..\..\Build\configurations\Config\factories.xml
		..\..\Build\configurations\Config\instanceMaps.xml = ..\..\Build\configurations\Config\instanceMaps.xml
		..\..\Build\configurations\Config\instructions.xml = ..\..\Build\configurations\Config\instructions.xml
		..\..\Build\configurations\Config\uum.nhb.cfg.xml = ..\..\Build\configurations\Config\uum.nhb.cfg.xml
		..\..\Build\configurations\Config\widgets.xml = ..\..\Build\configurations\Config\widgets.xml
		..\..\Build\configurations\Config\widgetzones.xml = ..\..\Build\configurations\Config\widgetzones.xml
	EndProjectSection
EndProject
Project("{2150E333-8FDC-42A3-9474-1A3956D46DE8}") = "Widgets", "Widgets", "{41E5E39E-1715-4AEC-BAED-099E010FB43D}"
	ProjectSection(SolutionItems) = preProject
		..\..\Build\configurations\Config\Widgets\uum.widgets.xml = ..\..\Build\configurations\Config\Widgets\uum.widgets.xml
		..\..\Build\configurations\Config\Widgets\uum.widgetzones.xml = ..\..\Build\configurations\Config\Widgets\uum.widgetzones.xml
	EndProjectSection
EndProject
Global
	GlobalSection(SolutionConfigurationPlatforms) = preSolution
		Debug(QA)|Any CPU = Debug(QA)|Any CPU
		Debug|Any CPU = Debug|Any CPU
		Release(PROD)|Any CPU = Release(PROD)|Any CPU
		Release(UAT)|Any CPU = Release(UAT)|Any CPU
		Release|Any CPU = Release|Any CPU
	EndGlobalSection
	GlobalSection(ProjectConfigurationPlatforms) = postSolution
		{9365D2BA-56F1-4D55-966A-7519D6AE54C3}.Debug(QA)|Any CPU.ActiveCfg = Debug|Any CPU
		{9365D2BA-56F1-4D55-966A-7519D6AE54C3}.Debug(QA)|Any CPU.Build.0 = Debug|Any CPU
		{9365D2BA-56F1-4D55-966A-7519D6AE54C3}.Debug|Any CPU.ActiveCfg = Debug|Any CPU
		{9365D2BA-56F1-4D55-966A-7519D6AE54C3}.Debug|Any CPU.Build.0 = Debug|Any CPU
		{9365D2BA-56F1-4D55-966A-7519D6AE54C3}.Release(PROD)|Any CPU.ActiveCfg = Release(PROD)|Any CPU
		{9365D2BA-56F1-4D55-966A-7519D6AE54C3}.Release(PROD)|Any CPU.Build.0 = Release(PROD)|Any CPU
		{9365D2BA-56F1-4D55-966A-7519D6AE54C3}.Release(UAT)|Any CPU.ActiveCfg = Release(UAT)|Any CPU
		{9365D2BA-56F1-4D55-966A-7519D6AE54C3}.Release(UAT)|Any CPU.Build.0 = Release(UAT)|Any CPU
		{9365D2BA-56F1-4D55-966A-7519D6AE54C3}.Release|Any CPU.ActiveCfg = Release(PROD)|Any CPU
		{9365D2BA-56F1-4D55-966A-7519D6AE54C3}.Release|Any CPU.Build.0 = Release(PROD)|Any CPU
		{1C020F11-8BEF-4A80-B35F-CBE72FD9B9FB}.Debug(QA)|Any CPU.ActiveCfg = Debug|Any CPU
		{1C020F11-8BEF-4A80-B35F-CBE72FD9B9FB}.Debug(QA)|Any CPU.Build.0 = Debug|Any CPU
		{1C020F11-8BEF-4A80-B35F-CBE72FD9B9FB}.Debug|Any CPU.ActiveCfg = Debug|Any CPU
		{1C020F11-8BEF-4A80-B35F-CBE72FD9B9FB}.Debug|Any CPU.Build.0 = Debug|Any CPU
		{1C020F11-8BEF-4A80-B35F-CBE72FD9B9FB}.Release(PROD)|Any CPU.ActiveCfg = Release(PROD)|Any CPU
		{1C020F11-8BEF-4A80-B35F-CBE72FD9B9FB}.Release(PROD)|Any CPU.Build.0 = Release(PROD)|Any CPU
		{1C020F11-8BEF-4A80-B35F-CBE72FD9B9FB}.Release(UAT)|Any CPU.ActiveCfg = Release(UAT)|Any CPU
		{1C020F11-8BEF-4A80-B35F-CBE72FD9B9FB}.Release(UAT)|Any CPU.Build.0 = Release(UAT)|Any CPU
		{1C020F11-8BEF-4A80-B35F-CBE72FD9B9FB}.Release|Any CPU.ActiveCfg = Release(PROD)|Any CPU
		{1C020F11-8BEF-4A80-B35F-CBE72FD9B9FB}.Release|Any CPU.Build.0 = Release(PROD)|Any CPU
		{443C2A4C-32FF-4174-ACB7-0B6A0C4318E1}.Debug(QA)|Any CPU.ActiveCfg = Debug|Any CPU
		{443C2A4C-32FF-4174-ACB7-0B6A0C4318E1}.Debug(QA)|Any CPU.Build.0 = Debug|Any CPU
		{443C2A4C-32FF-4174-ACB7-0B6A0C4318E1}.Debug|Any CPU.ActiveCfg = Debug|Any CPU
		{443C2A4C-32FF-4174-ACB7-0B6A0C4318E1}.Debug|Any CPU.Build.0 = Debug|Any CPU
		{443C2A4C-32FF-4174-ACB7-0B6A0C4318E1}.Release(PROD)|Any CPU.ActiveCfg = Release(PROD)|Any CPU
		{443C2A4C-32FF-4174-ACB7-0B6A0C4318E1}.Release(PROD)|Any CPU.Build.0 = Release(PROD)|Any CPU
		{443C2A4C-32FF-4174-ACB7-0B6A0C4318E1}.Release(UAT)|Any CPU.ActiveCfg = Release(UAT)|Any CPU
		{443C2A4C-32FF-4174-ACB7-0B6A0C4318E1}.Release(UAT)|Any CPU.Build.0 = Release(UAT)|Any CPU
		{443C2A4C-32FF-4174-ACB7-0B6A0C4318E1}.Release|Any CPU.ActiveCfg = Release(PROD)|Any CPU
		{443C2A4C-32FF-4174-ACB7-0B6A0C4318E1}.Release|Any CPU.Build.0 = Release(PROD)|Any CPU
	EndGlobalSection
	GlobalSection(SolutionProperties) = preSolution
		HideSolutionNode = FALSE
	EndGlobalSection
	GlobalSection(NestedProjects) = preSolution
		{295C2351-6A00-4F39-9B81-768D50BE98A8} = {526F5183-B2B4-4D4E-BDB4-E7936FB8DCE4}
		{41E5E39E-1715-4AEC-BAED-099E010FB43D} = {295C2351-6A00-4F39-9B81-768D50BE98A8}
	EndGlobalSection
EndGlobal
